// !$*UTF8*$!
{
	archiveVersion = 1;
	classes = {
	};
	objectVersion = 48;
	objects = {

/* Begin PBXBuildFile section */
		6E4CD44F201229B40040D125 /* AppDelegate.swift in Sources */ = {isa = PBXBuildFile; fileRef = 6E4CD44E201229B40040D125 /* AppDelegate.swift */; };
		6E4CD451201229B40040D125 /* SignInViewController.swift in Sources */ = {isa = PBXBuildFile; fileRef = 6E4CD450201229B40040D125 /* SignInViewController.swift */; };
		6E4CD454201229B40040D125 /* SignInViewController.storyboard in Resources */ = {isa = PBXBuildFile; fileRef = 6E4CD452201229B40040D125 /* SignInViewController.storyboard */; };
		6E4CD456201229B40040D125 /* Assets.xcassets in Resources */ = {isa = PBXBuildFile; fileRef = 6E4CD455201229B40040D125 /* Assets.xcassets */; };
		6E4CD459201229B40040D125 /* LaunchScreen.storyboard in Resources */ = {isa = PBXBuildFile; fileRef = 6E4CD457201229B40040D125 /* LaunchScreen.storyboard */; };
		6E61CACA2013B75000FFE887 /* GithubAPI.swift in Sources */ = {isa = PBXBuildFile; fileRef = 6E61CAC92013B75000FFE887 /* GithubAPI.swift */; };
		6E61CACC2013B86100FFE887 /* Secret.swift in Sources */ = {isa = PBXBuildFile; fileRef = 6E61CACB2013B86100FFE887 /* Secret.swift */; };
		6E61CAEC2014436500FFE887 /* AllRepositoriesRequest.swift in Sources */ = {isa = PBXBuildFile; fileRef = 6E61CAEB2014436400FFE887 /* AllRepositoriesRequest.swift */; };
		6E61CAEF201443D400FFE887 /* RepositoryEntity.swift in Sources */ = {isa = PBXBuildFile; fileRef = 6E61CAEE201443D400FFE887 /* RepositoryEntity.swift */; };
		8B5826129484B63B8084E26D /* Pods_flux_prac.framework in Frameworks */ = {isa = PBXBuildFile; fileRef = DD2B369F9879E4FAE102461A /* Pods_flux_prac.framework */; };
/* End PBXBuildFile section */

/* Begin PBXFileReference section */
		6E4CD44B201229B40040D125 /* flux-prac.app */ = {isa = PBXFileReference; explicitFileType = wrapper.application; includeInIndex = 0; path = "flux-prac.app"; sourceTree = BUILT_PRODUCTS_DIR; };
		6E4CD44E201229B40040D125 /* AppDelegate.swift */ = {isa = PBXFileReference; lastKnownFileType = sourcecode.swift; path = AppDelegate.swift; sourceTree = "<group>"; };
		6E4CD450201229B40040D125 /* SignInViewController.swift */ = {isa = PBXFileReference; lastKnownFileType = sourcecode.swift; path = SignInViewController.swift; sourceTree = "<group>"; };
		6E4CD453201229B40040D125 /* Base */ = {isa = PBXFileReference; lastKnownFileType = file.storyboard; name = Base; path = Base.lproj/SignInViewController.storyboard; sourceTree = "<group>"; };
		6E4CD455201229B40040D125 /* Assets.xcassets */ = {isa = PBXFileReference; lastKnownFileType = folder.assetcatalog; path = Assets.xcassets; sourceTree = "<group>"; };
		6E4CD458201229B40040D125 /* Base */ = {isa = PBXFileReference; lastKnownFileType = file.storyboard; name = Base; path = Base.lproj/LaunchScreen.storyboard; sourceTree = "<group>"; };
		6E4CD45A201229B40040D125 /* Info.plist */ = {isa = PBXFileReference; lastKnownFileType = text.plist.xml; path = Info.plist; sourceTree = "<group>"; };
		6E61CAB820131FEB00FFE887 /* RxBlocking.framework */ = {isa = PBXFileReference; lastKnownFileType = wrapper.framework; name = RxBlocking.framework; path = Carthage/Build/iOS/RxBlocking.framework; sourceTree = "<group>"; };
		6E61CAB920131FEB00FFE887 /* RxSwift.framework */ = {isa = PBXFileReference; lastKnownFileType = wrapper.framework; name = RxSwift.framework; path = Carthage/Build/iOS/RxSwift.framework; sourceTree = "<group>"; };
		6E61CABA20131FEB00FFE887 /* RxTest.framework */ = {isa = PBXFileReference; lastKnownFileType = wrapper.framework; name = RxTest.framework; path = Carthage/Build/iOS/RxTest.framework; sourceTree = "<group>"; };
		6E61CABB20131FEB00FFE887 /* Rswift.framework */ = {isa = PBXFileReference; lastKnownFileType = wrapper.framework; name = Rswift.framework; path = Carthage/Build/iOS/Rswift.framework; sourceTree = "<group>"; };
		6E61CABC20131FEB00FFE887 /* RxCocoa.framework */ = {isa = PBXFileReference; lastKnownFileType = wrapper.framework; name = RxCocoa.framework; path = Carthage/Build/iOS/RxCocoa.framework; sourceTree = "<group>"; };
		6E61CAC92013B75000FFE887 /* GithubAPI.swift */ = {isa = PBXFileReference; lastKnownFileType = sourcecode.swift; path = GithubAPI.swift; sourceTree = "<group>"; };
		6E61CACB2013B86100FFE887 /* Secret.swift */ = {isa = PBXFileReference; lastKnownFileType = sourcecode.swift; path = Secret.swift; sourceTree = "<group>"; };
		6E61CAEB2014436400FFE887 /* AllRepositoriesRequest.swift */ = {isa = PBXFileReference; lastKnownFileType = sourcecode.swift; path = AllRepositoriesRequest.swift; sourceTree = "<group>"; };
		6E61CAEE201443D400FFE887 /* RepositoryEntity.swift */ = {isa = PBXFileReference; lastKnownFileType = sourcecode.swift; path = RepositoryEntity.swift; sourceTree = "<group>"; };
		6E87BC0462AAF7FC045FD422 /* Pods-flux-prac.debug.xcconfig */ = {isa = PBXFileReference; includeInIndex = 1; lastKnownFileType = text.xcconfig; name = "Pods-flux-prac.debug.xcconfig"; path = "Pods/Target Support Files/Pods-flux-prac/Pods-flux-prac.debug.xcconfig"; sourceTree = "<group>"; };
		C76E6123901E1B15A0340E4C /* Pods-flux-prac.release.xcconfig */ = {isa = PBXFileReference; includeInIndex = 1; lastKnownFileType = text.xcconfig; name = "Pods-flux-prac.release.xcconfig"; path = "Pods/Target Support Files/Pods-flux-prac/Pods-flux-prac.release.xcconfig"; sourceTree = "<group>"; };
		DD2B369F9879E4FAE102461A /* Pods_flux_prac.framework */ = {isa = PBXFileReference; explicitFileType = wrapper.framework; includeInIndex = 0; path = Pods_flux_prac.framework; sourceTree = BUILT_PRODUCTS_DIR; };
/* End PBXFileReference section */

/* Begin PBXFrameworksBuildPhase section */
		6E4CD448201229B40040D125 /* Frameworks */ = {
			isa = PBXFrameworksBuildPhase;
			buildActionMask = 2147483647;
			files = (
				8B5826129484B63B8084E26D /* Pods_flux_prac.framework in Frameworks */,
			);
			runOnlyForDeploymentPostprocessing = 0;
		};
/* End PBXFrameworksBuildPhase section */

/* Begin PBXGroup section */
		6E4CD442201229B40040D125 = {
			isa = PBXGroup;
			children = (
				6E61CACB2013B86100FFE887 /* Secret.swift */,
				6E4CD44D201229B40040D125 /* flux-prac */,
				6E4CD44C201229B40040D125 /* Products */,
				6E61CAB720131FEB00FFE887 /* Frameworks */,
				B954B882E64590AA8E86F6FF /* Pods */,
			);
			sourceTree = "<group>";
		};
		6E4CD44C201229B40040D125 /* Products */ = {
			isa = PBXGroup;
			children = (
				6E4CD44B201229B40040D125 /* flux-prac.app */,
			);
			name = Products;
			sourceTree = "<group>";
		};
		6E4CD44D201229B40040D125 /* flux-prac */ = {
			isa = PBXGroup;
			children = (
				6E61CAC72013B72800FFE887 /* API */,
				6E61CAB620131C1C00FFE887 /* ViewController */,
				6E4CD44E201229B40040D125 /* AppDelegate.swift */,
				6E4CD455201229B40040D125 /* Assets.xcassets */,
				6E4CD457201229B40040D125 /* LaunchScreen.storyboard */,
				6E4CD45A201229B40040D125 /* Info.plist */,
			);
			path = "flux-prac";
			sourceTree = "<group>";
		};
		6E61CAB620131C1C00FFE887 /* ViewController */ = {
			isa = PBXGroup;
			children = (
				6E61CAC32013287300FFE887 /* SignIn */,
			);
			path = ViewController;
			sourceTree = "<group>";
		};
		6E61CAB720131FEB00FFE887 /* Frameworks */ = {
			isa = PBXGroup;
			children = (
				6E61CABB20131FEB00FFE887 /* Rswift.framework */,
				6E61CAB820131FEB00FFE887 /* RxBlocking.framework */,
				6E61CABC20131FEB00FFE887 /* RxCocoa.framework */,
				6E61CAB920131FEB00FFE887 /* RxSwift.framework */,
				6E61CABA20131FEB00FFE887 /* RxTest.framework */,
				DD2B369F9879E4FAE102461A /* Pods_flux_prac.framework */,
			);
			name = Frameworks;
			sourceTree = "<group>";
		};
		6E61CAC32013287300FFE887 /* SignIn */ = {
			isa = PBXGroup;
			children = (
				6E4CD450201229B40040D125 /* SignInViewController.swift */,
				6E4CD452201229B40040D125 /* SignInViewController.storyboard */,
			);
			path = SignIn;
			sourceTree = "<group>";
		};
		6E61CAC72013B72800FFE887 /* API */ = {
			isa = PBXGroup;
			children = (
				6E61CAED201443C200FFE887 /* Entity */,
				6E61CAC82013B72D00FFE887 /* Request */,
				6E61CAC92013B75000FFE887 /* GithubAPI.swift */,
			);
			path = API;
			sourceTree = "<group>";
		};
		6E61CAC82013B72D00FFE887 /* Request */ = {
			isa = PBXGroup;
			children = (
				6E61CAEB2014436400FFE887 /* AllRepositoriesRequest.swift */,
			);
			path = Request;
			sourceTree = "<group>";
		};
		6E61CAED201443C200FFE887 /* Entity */ = {
			isa = PBXGroup;
			children = (
				6E61CAEE201443D400FFE887 /* RepositoryEntity.swift */,
			);
			path = Entity;
			sourceTree = "<group>";
		};
		B954B882E64590AA8E86F6FF /* Pods */ = {
			isa = PBXGroup;
			children = (
				6E87BC0462AAF7FC045FD422 /* Pods-flux-prac.debug.xcconfig */,
				C76E6123901E1B15A0340E4C /* Pods-flux-prac.release.xcconfig */,
			);
			name = Pods;
			sourceTree = "<group>";
		};
/* End PBXGroup section */

/* Begin PBXNativeTarget section */
		6E4CD44A201229B40040D125 /* flux-prac */ = {
			isa = PBXNativeTarget;
			buildConfigurationList = 6E4CD45D201229B40040D125 /* Build configuration list for PBXNativeTarget "flux-prac" */;
			buildPhases = (
				EDBC4D283133A928FD948F8B /* [CP] Check Pods Manifest.lock */,
				6E61CAC22013202200FFE887 /* R.swift */,
				6E4CD447201229B40040D125 /* Sources */,
				6E4CD448201229B40040D125 /* Frameworks */,
				6E4CD449201229B40040D125 /* Resources */,
				F361297FEDA831EAF98A8604 /* [CP] Embed Pods Frameworks */,
				A5C9FB13F12C00A1326C4680 /* [CP] Copy Pods Resources */,
			);
			buildRules = (
			);
			dependencies = (
			);
			name = "flux-prac";
			productName = "flux-prac";
			productReference = 6E4CD44B201229B40040D125 /* flux-prac.app */;
			productType = "com.apple.product-type.application";
		};
/* End PBXNativeTarget section */

/* Begin PBXProject section */
		6E4CD443201229B40040D125 /* Project object */ = {
			isa = PBXProject;
			attributes = {
				LastSwiftUpdateCheck = 0920;
				LastUpgradeCheck = 0920;
				ORGANIZATIONNAME = kazu;
				TargetAttributes = {
					6E4CD44A201229B40040D125 = {
						CreatedOnToolsVersion = 9.2;
						ProvisioningStyle = Automatic;
					};
				};
			};
			buildConfigurationList = 6E4CD446201229B40040D125 /* Build configuration list for PBXProject "flux-prac" */;
			compatibilityVersion = "Xcode 8.0";
			developmentRegion = en;
			hasScannedForEncodings = 0;
			knownRegions = (
				en,
				Base,
			);
			mainGroup = 6E4CD442201229B40040D125;
			productRefGroup = 6E4CD44C201229B40040D125 /* Products */;
			projectDirPath = "";
			projectRoot = "";
			targets = (
				6E4CD44A201229B40040D125 /* flux-prac */,
			);
		};
/* End PBXProject section */

/* Begin PBXResourcesBuildPhase section */
		6E4CD449201229B40040D125 /* Resources */ = {
			isa = PBXResourcesBuildPhase;
			buildActionMask = 2147483647;
			files = (
				6E4CD459201229B40040D125 /* LaunchScreen.storyboard in Resources */,
				6E4CD456201229B40040D125 /* Assets.xcassets in Resources */,
				6E4CD454201229B40040D125 /* SignInViewController.storyboard in Resources */,
			);
			runOnlyForDeploymentPostprocessing = 0;
		};
/* End PBXResourcesBuildPhase section */

/* Begin PBXShellScriptBuildPhase section */
		6E61CAC22013202200FFE887 /* R.swift */ = {
			isa = PBXShellScriptBuildPhase;
			buildActionMask = 2147483647;
			files = (
			);
			inputPaths = (
			);
			name = R.swift;
			outputPaths = (
			);
			runOnlyForDeploymentPostprocessing = 0;
			shellPath = /bin/sh;
			shellScript = "\"$PODS_ROOT/R.swift/rswift\" generate \"$SRCROOT\"";
		};
		A5C9FB13F12C00A1326C4680 /* [CP] Copy Pods Resources */ = {
			isa = PBXShellScriptBuildPhase;
			buildActionMask = 2147483647;
			files = (
			);
			inputPaths = (
			);
			name = "[CP] Copy Pods Resources";
			outputPaths = (
			);
			runOnlyForDeploymentPostprocessing = 0;
			shellPath = /bin/sh;
			shellScript = "\"${SRCROOT}/Pods/Target Support Files/Pods-flux-prac/Pods-flux-prac-resources.sh\"\n";
			showEnvVarsInLog = 0;
		};
		EDBC4D283133A928FD948F8B /* [CP] Check Pods Manifest.lock */ = {
			isa = PBXShellScriptBuildPhase;
			buildActionMask = 2147483647;
			files = (
			);
			inputPaths = (
				"${PODS_PODFILE_DIR_PATH}/Podfile.lock",
				"${PODS_ROOT}/Manifest.lock",
			);
			name = "[CP] Check Pods Manifest.lock";
			outputPaths = (
				"$(DERIVED_FILE_DIR)/Pods-flux-prac-checkManifestLockResult.txt",
			);
			runOnlyForDeploymentPostprocessing = 0;
			shellPath = /bin/sh;
			shellScript = "diff \"${PODS_PODFILE_DIR_PATH}/Podfile.lock\" \"${PODS_ROOT}/Manifest.lock\" > /dev/null\nif [ $? != 0 ] ; then\n    # print error to STDERR\n    echo \"error: The sandbox is not in sync with the Podfile.lock. Run 'pod install' or update your CocoaPods installation.\" >&2\n    exit 1\nfi\n# This output is used by Xcode 'outputs' to avoid re-running this script phase.\necho \"SUCCESS\" > \"${SCRIPT_OUTPUT_FILE_0}\"\n";
			showEnvVarsInLog = 0;
		};
		F361297FEDA831EAF98A8604 /* [CP] Embed Pods Frameworks */ = {
			isa = PBXShellScriptBuildPhase;
			buildActionMask = 2147483647;
			files = (
			);
			inputPaths = (
				"${SRCROOT}/Pods/Target Support Files/Pods-flux-prac/Pods-flux-prac-frameworks.sh",
				"${BUILT_PRODUCTS_DIR}/Alamofire/Alamofire.framework",
				"${BUILT_PRODUCTS_DIR}/R.swift.Library/Rswift.framework",
				"${BUILT_PRODUCTS_DIR}/RxCocoa/RxCocoa.framework",
				"${BUILT_PRODUCTS_DIR}/RxSwift/RxSwift.framework",
				"${BUILT_PRODUCTS_DIR}/Unbox/Unbox.framework",
			);
			name = "[CP] Embed Pods Frameworks";
			outputPaths = (
				"${TARGET_BUILD_DIR}/${FRAMEWORKS_FOLDER_PATH}/Alamofire.framework",
				"${TARGET_BUILD_DIR}/${FRAMEWORKS_FOLDER_PATH}/Rswift.framework",
				"${TARGET_BUILD_DIR}/${FRAMEWORKS_FOLDER_PATH}/RxCocoa.framework",
				"${TARGET_BUILD_DIR}/${FRAMEWORKS_FOLDER_PATH}/RxSwift.framework",
				"${TARGET_BUILD_DIR}/${FRAMEWORKS_FOLDER_PATH}/Unbox.framework",
			);
			runOnlyForDeploymentPostprocessing = 0;
			shellPath = /bin/sh;
			shellScript = "\"${SRCROOT}/Pods/Target Support Files/Pods-flux-prac/Pods-flux-prac-frameworks.sh\"\n";
			showEnvVarsInLog = 0;
		};
/* End PBXShellScriptBuildPhase section */

/* Begin PBXSourcesBuildPhase section */
		6E4CD447201229B40040D125 /* Sources */ = {
			isa = PBXSourcesBuildPhase;
			buildActionMask = 2147483647;
			files = (
				6E61CAEF201443D400FFE887 /* RepositoryEntity.swift in Sources */,
				6E61CAEC2014436500FFE887 /* AllRepositoriesRequest.swift in Sources */,
				6E4CD451201229B40040D125 /* SignInViewController.swift in Sources */,
				6E61CACC2013B86100FFE887 /* Secret.swift in Sources */,
				6E61CACA2013B75000FFE887 /* GithubAPI.swift in Sources */,
				6E4CD44F201229B40040D125 /* AppDelegate.swift in Sources */,
			);
			runOnlyForDeploymentPostprocessing = 0;
		};
/* End PBXSourcesBuildPhase section */

/* Begin PBXVariantGroup section */
		6E4CD452201229B40040D125 /* SignInViewController.storyboard */ = {
			isa = PBXVariantGroup;
			children = (
				6E4CD453201229B40040D125 /* Base */,
			);
			name = SignInViewController.storyboard;
			sourceTree = "<group>";
		};
		6E4CD457201229B40040D125 /* LaunchScreen.storyboard */ = {
			isa = PBXVariantGroup;
			children = (
				6E4CD458201229B40040D125 /* Base */,
			);
			name = LaunchScreen.storyboard;
			sourceTree = "<group>";
		};
/* End PBXVariantGroup section */

/* Begin XCBuildConfiguration section */
		6E4CD45B201229B40040D125 /* Debug */ = {
			isa = XCBuildConfiguration;
			buildSettings = {
				ALWAYS_SEARCH_USER_PATHS = NO;
				CLANG_ANALYZER_NONNULL = YES;
				CLANG_ANALYZER_NUMBER_OBJECT_CONVERSION = YES_AGGRESSIVE;
				CLANG_CXX_LANGUAGE_STANDARD = "gnu++14";
				CLANG_CXX_LIBRARY = "libc++";
				CLANG_ENABLE_MODULES = YES;
				CLANG_ENABLE_OBJC_ARC = YES;
				CLANG_WARN_BLOCK_CAPTURE_AUTORELEASING = YES;
				CLANG_WARN_BOOL_CONVERSION = YES;
				CLANG_WARN_COMMA = YES;
				CLANG_WARN_CONSTANT_CONVERSION = YES;
				CLANG_WARN_DIRECT_OBJC_ISA_USAGE = YES_ERROR;
				CLANG_WARN_DOCUMENTATION_COMMENTS = YES;
				CLANG_WARN_EMPTY_BODY = YES;
				CLANG_WARN_ENUM_CONVERSION = YES;
				CLANG_WARN_INFINITE_RECURSION = YES;
				CLANG_WARN_INT_CONVERSION = YES;
				CLANG_WARN_NON_LITERAL_NULL_CONVERSION = YES;
				CLANG_WARN_OBJC_LITERAL_CONVERSION = YES;
				CLANG_WARN_OBJC_ROOT_CLASS = YES_ERROR;
				CLANG_WARN_RANGE_LOOP_ANALYSIS = YES;
				CLANG_WARN_STRICT_PROTOTYPES = YES;
				CLANG_WARN_SUSPICIOUS_MOVE = YES;
				CLANG_WARN_UNGUARDED_AVAILABILITY = YES_AGGRESSIVE;
				CLANG_WARN_UNREACHABLE_CODE = YES;
				CLANG_WARN__DUPLICATE_METHOD_MATCH = YES;
				CODE_SIGN_IDENTITY = "iPhone Developer";
				COPY_PHASE_STRIP = NO;
				DEBUG_INFORMATION_FORMAT = dwarf;
				ENABLE_STRICT_OBJC_MSGSEND = YES;
				ENABLE_TESTABILITY = YES;
				GCC_C_LANGUAGE_STANDARD = gnu11;
				GCC_DYNAMIC_NO_PIC = NO;
				GCC_NO_COMMON_BLOCKS = YES;
				GCC_OPTIMIZATION_LEVEL = 0;
				GCC_PREPROCESSOR_DEFINITIONS = (
					"DEBUG=1",
					"$(inherited)",
				);
				GCC_WARN_64_TO_32_BIT_CONVERSION = YES;
				GCC_WARN_ABOUT_RETURN_TYPE = YES_ERROR;
				GCC_WARN_UNDECLARED_SELECTOR = YES;
				GCC_WARN_UNINITIALIZED_AUTOS = YES_AGGRESSIVE;
				GCC_WARN_UNUSED_FUNCTION = YES;
				GCC_WARN_UNUSED_VARIABLE = YES;
				IPHONEOS_DEPLOYMENT_TARGET = 11.2;
				MTL_ENABLE_DEBUG_INFO = YES;
				ONLY_ACTIVE_ARCH = YES;
				SDKROOT = iphoneos;
				SWIFT_ACTIVE_COMPILATION_CONDITIONS = DEBUG;
				SWIFT_OPTIMIZATION_LEVEL = "-Onone";
			};
			name = Debug;
		};
		6E4CD45C201229B40040D125 /* Release */ = {
			isa = XCBuildConfiguration;
			buildSettings = {
				ALWAYS_SEARCH_USER_PATHS = NO;
				CLANG_ANALYZER_NONNULL = YES;
				CLANG_ANALYZER_NUMBER_OBJECT_CONVERSION = YES_AGGRESSIVE;
				CLANG_CXX_LANGUAGE_STANDARD = "gnu++14";
				CLANG_CXX_LIBRARY = "libc++";
				CLANG_ENABLE_MODULES = YES;
				CLANG_ENABLE_OBJC_ARC = YES;
				CLANG_WARN_BLOCK_CAPTURE_AUTORELEASING = YES;
				CLANG_WARN_BOOL_CONVERSION = YES;
				CLANG_WARN_COMMA = YES;
				CLANG_WARN_CONSTANT_CONVERSION = YES;
				CLANG_WARN_DIRECT_OBJC_ISA_USAGE = YES_ERROR;
				CLANG_WARN_DOCUMENTATION_COMMENTS = YES;
				CLANG_WARN_EMPTY_BODY = YES;
				CLANG_WARN_ENUM_CONVERSION = YES;
				CLANG_WARN_INFINITE_RECURSION = YES;
				CLANG_WARN_INT_CONVERSION = YES;
				CLANG_WARN_NON_LITERAL_NULL_CONVERSION = YES;
				CLANG_WARN_OBJC_LITERAL_CONVERSION = YES;
				CLANG_WARN_OBJC_ROOT_CLASS = YES_ERROR;
				CLANG_WARN_RANGE_LOOP_ANALYSIS = YES;
				CLANG_WARN_STRICT_PROTOTYPES = YES;
				CLANG_WARN_SUSPICIOUS_MOVE = YES;
				CLANG_WARN_UNGUARDED_AVAILABILITY = YES_AGGRESSIVE;
				CLANG_WARN_UNREACHABLE_CODE = YES;
				CLANG_WARN__DUPLICATE_METHOD_MATCH = YES;
				CODE_SIGN_IDENTITY = "iPhone Developer";
				COPY_PHASE_STRIP = NO;
				DEBUG_INFORMATION_FORMAT = "dwarf-with-dsym";
				ENABLE_NS_ASSERTIONS = NO;
				ENABLE_STRICT_OBJC_MSGSEND = YES;
				GCC_C_LANGUAGE_STANDARD = gnu11;
				GCC_NO_COMMON_BLOCKS = YES;
				GCC_WARN_64_TO_32_BIT_CONVERSION = YES;
				GCC_WARN_ABOUT_RETURN_TYPE = YES_ERROR;
				GCC_WARN_UNDECLARED_SELECTOR = YES;
				GCC_WARN_UNINITIALIZED_AUTOS = YES_AGGRESSIVE;
				GCC_WARN_UNUSED_FUNCTION = YES;
				GCC_WARN_UNUSED_VARIABLE = YES;
				IPHONEOS_DEPLOYMENT_TARGET = 11.2;
				MTL_ENABLE_DEBUG_INFO = NO;
				SDKROOT = iphoneos;
				SWIFT_OPTIMIZATION_LEVEL = "-Owholemodule";
				VALIDATE_PRODUCT = YES;
			};
			name = Release;
		};
		6E4CD45E201229B40040D125 /* Debug */ = {
			isa = XCBuildConfiguration;
			baseConfigurationReference = 6E87BC0462AAF7FC045FD422 /* Pods-flux-prac.debug.xcconfig */;
			buildSettings = {
				ASSETCATALOG_COMPILER_APPICON_NAME = AppIcon;
				CODE_SIGN_STYLE = Automatic;
				DEVELOPMENT_TEAM = TKM4VSA3YF;
				FRAMEWORK_SEARCH_PATHS = (
					"$(inherited)",
					"$(PROJECT_DIR)/Carthage/Build/iOS",
				);
				INFOPLIST_FILE = "flux-prac/Info.plist";
				LD_RUNPATH_SEARCH_PATHS = "$(inherited) @executable_path/Frameworks";
				PRODUCT_BUNDLE_IDENTIFIER = "com.kazu.flux-prac";
				PRODUCT_NAME = "$(TARGET_NAME)";
				SWIFT_VERSION = 4.0;
				TARGETED_DEVICE_FAMILY = "1,2";
			};
			name = Debug;
		};
		6E4CD45F201229B40040D125 /* Release */ = {
			isa = XCBuildConfiguration;
			baseConfigurationReference = C76E6123901E1B15A0340E4C /* Pods-flux-prac.release.xcconfig */;
			buildSettings = {
				ASSETCATALOG_COMPILER_APPICON_NAME = AppIcon;
				CODE_SIGN_STYLE = Automatic;
				DEVELOPMENT_TEAM = TKM4VSA3YF;
				FRAMEWORK_SEARCH_PATHS = (
					"$(inherited)",
					"$(PROJECT_DIR)/Carthage/Build/iOS",
				);
				INFOPLIST_FILE = "flux-prac/Info.plist";
				LD_RUNPATH_SEARCH_PATHS = "$(inherited) @executable_path/Frameworks";
				PRODUCT_BUNDLE_IDENTIFIER = "com.kazu.flux-prac";
				PRODUCT_NAME = "$(TARGET_NAME)";
				SWIFT_VERSION = 4.0;
				TARGETED_DEVICE_FAMILY = "1,2";
			};
			name = Release;
		};
/* End XCBuildConfiguration section */

/* Begin XCConfigurationList section */
		6E4CD446201229B40040D125 /* Build configuration list for PBXProject "flux-prac" */ = {
			isa = XCConfigurationList;
			buildConfigurations = (
				6E4CD45B201229B40040D125 /* Debug */,
				6E4CD45C201229B40040D125 /* Release */,
			);
			defaultConfigurationIsVisible = 0;
			defaultConfigurationName = Release;
		};
		6E4CD45D201229B40040D125 /* Build configuration list for PBXNativeTarget "flux-prac" */ = {
			isa = XCConfigurationList;
			buildConfigurations = (
				6E4CD45E201229B40040D125 /* Debug */,
				6E4CD45F201229B40040D125 /* Release */,
			);
			defaultConfigurationIsVisible = 0;
			defaultConfigurationName = Release;
		};
/* End XCConfigurationList section */
	};
	rootObject = 6E4CD443201229B40040D125 /* Project object */;
}
